
Microsoft Visual Studio Solution File, Format Version 12.00
# Visual Studio Version 17
VisualStudioVersion = 17.10.35122.118
MinimumVisualStudioVersion = 10.0.40219.1
Project("{FAE04EC0-301F-11D3-BF4B-00C04F79EFBC}") = "MyFirstConsoleCSharpApp", "MyFirstConsoleCSharpApp\MyFirstConsoleCSharpApp.csproj", "{34F28598-DA3E-43CA-A59B-1E8FF684A6D3}"
EndProject
Global
	GlobalSection(SolutionConfigurationPlatforms) = preSolution
		Debug|Any CPU = Debug|Any CPU
		Release|Any CPU = Release|Any CPU
	EndGlobalSection
	GlobalSection(ProjectConfigurationPlatforms) = postSolution
		{34F28598-DA3E-43CA-A59B-1E8FF684A6D3}.Debug|Any CPU.ActiveCfg = Debug|Any CPU
		{34F28598-DA3E-43CA-A59B-1E8FF684A6D3}.Debug|Any CPU.Build.0 = Debug|Any CPU
		{34F28598-DA3E-43CA-A59B-1E8FF684A6D3}.Release|Any CPU.ActiveCfg = Release|Any CPU
		{34F28598-DA3E-43CA-A59B-1E8FF684A6D3}.Release|Any CPU.Build.0 = Release|Any CPU
	EndGlobalSection
	GlobalSection(SolutionProperties) = preSolution
		HideSolutionNode = FALSE
	EndGlobalSection
	GlobalSection(ExtensibilityGlobals) = postSolution
		SolutionGuid = {D9E373DA-61A2-479E-BBC6-E31CD8B924E3}
	EndGlobalSection
EndGlobal
